
Microsoft Visual Studio Solution File, Format Version 12.00
# Visual Studio Version 17
VisualStudioVersion = 17.13.35931.197 d17.13
MinimumVisualStudioVersion = 10.0.40219.1
Project("{FAE04EC0-301F-11D3-BF4B-00C04F79EFBC}") = "FutDrawApi", "FutDrawApi.csproj", "{642057D7-6535-4251-AE36-0DFC526C2412}"
EndProject
Global
	GlobalSection(SolutionConfigurationPlatforms) = preSolution
		Debug|Any CPU = Debug|Any CPU
		Release|Any CPU = Release|Any CPU
	EndGlobalSection
	GlobalSection(ProjectConfigurationPlatforms) = postSolution
		{642057D7-6535-4251-AE36-0DFC526C2412}.Debug|Any CPU.ActiveCfg = Debug|Any CPU
		{642057D7-6535-4251-AE36-0DFC526C2412}.Debug|Any CPU.Build.0 = Debug|Any CPU
		{642057D7-6535-4251-AE36-0DFC526C2412}.Release|Any CPU.ActiveCfg = Release|Any CPU
		{642057D7-6535-4251-AE36-0DFC526C2412}.Release|Any CPU.Build.0 = Release|Any CPU
	EndGlobalSection
	GlobalSection(SolutionProperties) = preSolution
		HideSolutionNode = FALSE
	EndGlobalSection
	GlobalSection(ExtensibilityGlobals) = postSolution
		SolutionGuid = {B28858C1-0C71-4C49-B1D2-D36DF578B5AF}
	EndGlobalSection
EndGlobal
